Microsoft Visual Studio Solution File, Format Version 12.00
# Visual Studio Version 17
VisualStudioVersion = 17.5.2.0
MinimumVisualStudioVersion = 10.0.40219.1
Project("{FAE04EC0-301F-11D3-BF4B-00C04F79EFBC}") = "DesktopAssist", "DesktopAssist.csproj", "{21D46720-7F80-EDA2-92CD-472DEABBCEB2}"
EndProject
Global
	GlobalSection(SolutionConfigurationPlatforms) = preSolution
		Debug|Any CPU = Debug|Any CPU
		Release|Any CPU = Release|Any CPU
	EndGlobalSection
	GlobalSection(ProjectConfigurationPlatforms) = postSolution
		{21D46720-7F80-EDA2-92CD-472DEABBCEB2}.Debug|Any CPU.ActiveCfg = Debug|Any CPU
		{21D46720-7F80-EDA2-92CD-472DEABBCEB2}.Debug|Any CPU.Build.0 = Debug|Any CPU
		{21D46720-7F80-EDA2-92CD-472DEABBCEB2}.Release|Any CPU.ActiveCfg = Release|Any CPU
		{21D46720-7F80-EDA2-92CD-472DEABBCEB2}.Release|Any CPU.Build.0 = Release|Any CPU
	EndGlobalSection
	GlobalSection(SolutionProperties) = preSolution
		HideSolutionNode = FALSE
	EndGlobalSection
	GlobalSection(ExtensibilityGlobals) = postSolution
		SolutionGuid = {61BF786D-CD66-4CC2-B359-108D49D25093}
	EndGlobalSection
EndGlobal
